# @generated - this file is auto-generated by `mise lock` https://mise.jdx.dev/dev-tools/mise-lock.html

[[tools."aqua:coreos/butane"]]
version = "0.29.0"
backend = "aqua:coreos/butane"

[tools."aqua:coreos/butane"."platforms.linux-arm64"]
checksum = "sha256:12c1d78eeffc72dab9c8383d9b79d7d6e6e0d6ec6fe8f19eaf93d9e13eef286f"
url = "https://github.com/coreos/butane/releases/download/v0.29.0/butane-aarch64-unknown-linux-gnu"
url_api = "https://api.github.com/repos/coreos/butane/releases/assets/469426715"

[tools."aqua:coreos/butane"."platforms.linux-x64"]
checksum = "sha256:53a20d820fbaa7fda4f1afd1814974badc8e448db4c151d3f1ba005dc29bc4c9"
url = "https://github.com/coreos/butane/releases/download/v0.29.0/butane-x86_64-unknown-linux-gnu"
url_api = "https://api.github.com/repos/coreos/butane/releases/assets/469429058"

[tools."aqua:coreos/butane"."platforms.macos-arm64"]
checksum = "sha256:9d27a4093e4908d6a66b3996ccf4aaf2ea6123972809c4d47dc1b14ac05d8417"
url = "https://github.com/coreos/butane/releases/download/v0.29.0/butane-aarch64-apple-darwin"
url_api = "https://api.github.com/repos/coreos/butane/releases/assets/469426365"

[tools."aqua:coreos/butane"."platforms.macos-x64"]
checksum = "sha256:89a66e40058cdaa9ba5f2fbbdc1af91812ba0f321f29f99e589fa445bd51226c"
url = "https://github.com/coreos/butane/releases/download/v0.29.0/butane-x86_64-apple-darwin"
url_api = "https://api.github.com/repos/coreos/butane/releases/assets/469428782"

[tools."aqua:coreos/butane"."platforms.windows-x64"]
checksum = "sha256:b4966a4c4dbe4dd66de3ab593f557c8030c8a0b945285d83ae7930e72b05a678"
url = "https://github.com/coreos/butane/releases/download/v0.29.0/butane-x86_64-pc-windows-gnu.exe"
url_api = "https://api.github.com/repos/coreos/butane/releases/assets/469428893"

[[tools."pipx:ansible-core"]]
version = "2.21.3"
backend = "pipx:ansible-core"

[[tools."pipx:ansible-lint"]]
version = "26.8.0"
backend = "pipx:ansible-lint"
