# @generated - this file is auto-generated by `mise lock` https://mise.jdx.dev/dev-tools/mise-lock.html

lockfile_version = 1

[[tools."aqua:lxc/incus"]]
version = "7.4.0"
backend = "aqua:lxc/incus"
specifiers = ["7.4.0"]

[tools."aqua:lxc/incus"."platforms.linux-arm64"]
checksum = "sha256:101b1a602c9ce2bae3a4b3277ed574acd32c177f297db3daa80ea2fec4e406fb"
url = "https://github.com/lxc/incus/releases/download/v7.4.0/bin.linux.incus.aarch64"
url_api = "https://api.github.com/repos/lxc/incus/releases/assets/532980221"
provenance = "github-attestations"

[tools."aqua:lxc/incus"."platforms.linux-arm64-musl"]
checksum = "sha256:101b1a602c9ce2bae3a4b3277ed574acd32c177f297db3daa80ea2fec4e406fb"
url = "https://github.com/lxc/incus/releases/download/v7.4.0/bin.linux.incus.aarch64"
url_api = "https://api.github.com/repos/lxc/incus/releases/assets/532980221"
provenance = "github-attestations"

[tools."aqua:lxc/incus"."platforms.linux-x64"]
checksum = "sha256:2fa9b2699672225dde5290962f4087b426b5ecbd4fed0df8e430687d3b76b500"
url = "https://github.com/lxc/incus/releases/download/v7.4.0/bin.linux.incus.x86_64"
url_api = "https://api.github.com/repos/lxc/incus/releases/assets/532980174"
provenance = "github-attestations"

[tools."aqua:lxc/incus"."platforms.linux-x64-musl"]
checksum = "sha256:2fa9b2699672225dde5290962f4087b426b5ecbd4fed0df8e430687d3b76b500"
url = "https://github.com/lxc/incus/releases/download/v7.4.0/bin.linux.incus.x86_64"
url_api = "https://api.github.com/repos/lxc/incus/releases/assets/532980174"
provenance = "github-attestations"

[tools."aqua:lxc/incus"."platforms.macos-arm64"]
checksum = "sha256:6b3f916e769f1086690ba45d96e5a7cbb570d4589481eb6173672870ef8e4724"
url = "https://github.com/lxc/incus/releases/download/v7.4.0/bin.macos.incus.aarch64"
url_api = "https://api.github.com/repos/lxc/incus/releases/assets/532980176"
provenance = "github-attestations"

[tools."aqua:lxc/incus"."platforms.macos-x64"]
checksum = "sha256:edbeacd3ef8016fab1baa31b86763c3c4311810aff660d1e591fad3f2fbfed7e"
url = "https://github.com/lxc/incus/releases/download/v7.4.0/bin.macos.incus.x86_64"
url_api = "https://api.github.com/repos/lxc/incus/releases/assets/532980217"
provenance = "github-attestations"

[tools."aqua:lxc/incus"."platforms.windows-x64"]
checksum = "sha256:61fe7d129e8c3fd6dc4b11d20ec69f023d9f37e08ee7b1bb3f16d7ee4ad2739e"
url = "https://github.com/lxc/incus/releases/download/v7.4.0/bin.windows.incus.x86_64.exe"
url_api = "https://api.github.com/repos/lxc/incus/releases/assets/532980194"
provenance = "github-attestations"

[[tools.opentofu]]
version = "1.12.6"
backend = "aqua:opentofu/opentofu"
specifiers = ["1.12.6"]

[tools.opentofu."platforms.linux-arm64"]
checksum = "sha256:9bd0228a81bcd0c88f7045c74378f45a815779f19897191dff7d9efba9976b9e"
url = "https://github.com/opentofu/opentofu/releases/download/v1.12.6/tofu_1.12.6_linux_arm64.tar.gz"
url_api = "https://api.github.com/repos/opentofu/opentofu/releases/assets/520762688"

[tools.opentofu."platforms.linux-arm64-musl"]
checksum = "sha256:9bd0228a81bcd0c88f7045c74378f45a815779f19897191dff7d9efba9976b9e"
url = "https://github.com/opentofu/opentofu/releases/download/v1.12.6/tofu_1.12.6_linux_arm64.tar.gz"
url_api = "https://api.github.com/repos/opentofu/opentofu/releases/assets/520762688"

[tools.opentofu."platforms.linux-x64"]
checksum = "sha256:50a6106fa4de523d09c87af85f3db1dd47535fc005727fdca6852146476b88ec"
url = "https://github.com/opentofu/opentofu/releases/download/v1.12.6/tofu_1.12.6_linux_amd64.tar.gz"
url_api = "https://api.github.com/repos/opentofu/opentofu/releases/assets/520762723"

[tools.opentofu."platforms.linux-x64-musl"]
checksum = "sha256:50a6106fa4de523d09c87af85f3db1dd47535fc005727fdca6852146476b88ec"
url = "https://github.com/opentofu/opentofu/releases/download/v1.12.6/tofu_1.12.6_linux_amd64.tar.gz"
url_api = "https://api.github.com/repos/opentofu/opentofu/releases/assets/520762723"

[tools.opentofu."platforms.macos-arm64"]
checksum = "sha256:f958ec5e511063be9feb180ca015a4cb7977566a9cf6a8550bba8c2a9b5aba74"
url = "https://github.com/opentofu/opentofu/releases/download/v1.12.6/tofu_1.12.6_darwin_arm64.tar.gz"
url_api = "https://api.github.com/repos/opentofu/opentofu/releases/assets/520762710"

[tools.opentofu."platforms.macos-x64"]
checksum = "sha256:44bb1855f372f17f365fb94517906e78da5001da10f4c98de57a39bf982f3a92"
url = "https://github.com/opentofu/opentofu/releases/download/v1.12.6/tofu_1.12.6_darwin_amd64.tar.gz"
url_api = "https://api.github.com/repos/opentofu/opentofu/releases/assets/520762655"

[tools.opentofu."platforms.windows-x64"]
checksum = "sha256:bcbcd9ca744af6c4053e2d5e75dae79ff33ad7dc38d45e1233e693d096284538"
url = "https://github.com/opentofu/opentofu/releases/download/v1.12.6/tofu_1.12.6_windows_amd64.tar.gz"
url_api = "https://api.github.com/repos/opentofu/opentofu/releases/assets/520762708"
